
Microsoft Visual Studio Solution File, Format Version 12.00
# Visual Studio Version 17
VisualStudioVersion = 17.3.32825.248
MinimumVisualStudioVersion = 10.0.40219.1
Project("{9A19103F-16F7-4668-BE54-9A1E7A4F7556}") = "CSharpConcept", "CSharpConcept\CSharpConcept.csproj", "{842FA4BC-0A8D-4267-85F1-7462C5557A97}"
EndProject
Project("{FAE04EC0-301F-11D3-BF4B-00C04F79EFBC}") = "MSTest", "MSTest\MSTest.csproj", "{2F71C533-2DED-42E3-B1EE-CF50A7D9F0E7}"
EndProject
Global
	GlobalSection(SolutionConfigurationPlatforms) = preSolution
		Debug|Any CPU = Debug|Any CPU
		Release|Any CPU = Release|Any CPU
	EndGlobalSection
	GlobalSection(ProjectConfigurationPlatforms) = postSolution
		{842FA4BC-0A8D-4267-85F1-7462C5557A97}.Debug|Any CPU.ActiveCfg = Debug|Any CPU
		{842FA4BC-0A8D-4267-85F1-7462C5557A97}.Debug|Any CPU.Build.0 = Debug|Any CPU
		{842FA4BC-0A8D-4267-85F1-7462C5557A97}.Release|Any CPU.ActiveCfg = Release|Any CPU
		{842FA4BC-0A8D-4267-85F1-7462C5557A97}.Release|Any CPU.Build.0 = Release|Any CPU
		{2F71C533-2DED-42E3-B1EE-CF50A7D9F0E7}.Debug|Any CPU.ActiveCfg = Debug|Any CPU
		{2F71C533-2DED-42E3-B1EE-CF50A7D9F0E7}.Debug|Any CPU.Build.0 = Debug|Any CPU
		{2F71C533-2DED-42E3-B1EE-CF50A7D9F0E7}.Release|Any CPU.ActiveCfg = Release|Any CPU
		{2F71C533-2DED-42E3-B1EE-CF50A7D9F0E7}.Release|Any CPU.Build.0 = Release|Any CPU
	EndGlobalSection
	GlobalSection(SolutionProperties) = preSolution
		HideSolutionNode = FALSE
	EndGlobalSection
	GlobalSection(ExtensibilityGlobals) = postSolution
		SolutionGuid = {CEDEA5DE-1243-41FA-AECD-26CDC77F33AA}
	EndGlobalSection
EndGlobal
